
Microsoft Visual Studio Solution File, Format Version 12.00
# Visual Studio Version 16
VisualStudioVersion = 16.0.31129.286
MinimumVisualStudioVersion = 10.0.40219.1
Project("{9A19103F-16F7-4668-BE54-9A1E7A4F7556}") = "Pet.Jira.Web", "src\Pet.Jira.Web\Pet.Jira.Web.csproj", "{010785C7-A42A-479B-B8B5-BE7B2C293C29}"
EndProject
Project("{9A19103F-16F7-4668-BE54-9A1E7A4F7556}") = "Pet.Jira.Domain", "src\Pet.Jira.Domain\Pet.Jira.Domain.csproj", "{7A428F9F-CDAE-475E-83CF-A126A7C2C848}"
EndProject
Project("{2150E333-8FDC-42A3-9474-1A3956D46DE8}") = "src", "src", "{A3301072-9BBB-46FA-9C0E-FAAA46748F75}"
EndProject
Project("{2150E333-8FDC-42A3-9474-1A3956D46DE8}") = "tests", "tests", "{FF476EBA-37B4-4D40-AAF5-327FB3DECACC}"
EndProject
Project("{9A19103F-16F7-4668-BE54-9A1E7A4F7556}") = "Pet.Jira.Infrastructure", "src\Pet.Jira.Infrastructure\Pet.Jira.Infrastructure.csproj", "{D7192FE7-2546-42EC-AC1F-9C66C6227421}"
EndProject
Project("{9A19103F-16F7-4668-BE54-9A1E7A4F7556}") = "Pet.Jira.Application", "src\Pet.Jira.Application\Pet.Jira.Application.csproj", "{926A2270-1683-46B5-9BCF-F9C99C3546F7}"
EndProject
Global
	GlobalSection(SolutionConfigurationPlatforms) = preSolution
		Debug|Any CPU = Debug|Any CPU
		Release|Any CPU = Release|Any CPU
	EndGlobalSection
	GlobalSection(ProjectConfigurationPlatforms) = postSolution
		{010785C7-A42A-479B-B8B5-BE7B2C293C29}.Debug|Any CPU.ActiveCfg = Debug|Any CPU
		{010785C7-A42A-479B-B8B5-BE7B2C293C29}.Debug|Any CPU.Build.0 = Debug|Any CPU
		{010785C7-A42A-479B-B8B5-BE7B2C293C29}.Release|Any CPU.ActiveCfg = Release|Any CPU
		{010785C7-A42A-479B-B8B5-BE7B2C293C29}.Release|Any CPU.Build.0 = Release|Any CPU
		{7A428F9F-CDAE-475E-83CF-A126A7C2C848}.Debug|Any CPU.ActiveCfg = Debug|Any CPU
		{7A428F9F-CDAE-475E-83CF-A126A7C2C848}.Debug|Any CPU.Build.0 = Debug|Any CPU
		{7A428F9F-CDAE-475E-83CF-A126A7C2C848}.Release|Any CPU.ActiveCfg = Release|Any CPU
		{7A428F9F-CDAE-475E-83CF-A126A7C2C848}.Release|Any CPU.Build.0 = Release|Any CPU
		{D7192FE7-2546-42EC-AC1F-9C66C6227421}.Debug|Any CPU.ActiveCfg = Debug|Any CPU
		{D7192FE7-2546-42EC-AC1F-9C66C6227421}.Debug|Any CPU.Build.0 = Debug|Any CPU
		{D7192FE7-2546-42EC-AC1F-9C66C6227421}.Release|Any CPU.ActiveCfg = Release|Any CPU
		{D7192FE7-2546-42EC-AC1F-9C66C6227421}.Release|Any CPU.Build.0 = Release|Any CPU
		{926A2270-1683-46B5-9BCF-F9C99C3546F7}.Debug|Any CPU.ActiveCfg = Debug|Any CPU
		{926A2270-1683-46B5-9BCF-F9C99C3546F7}.Debug|Any CPU.Build.0 = Debug|Any CPU
		{926A2270-1683-46B5-9BCF-F9C99C3546F7}.Release|Any CPU.ActiveCfg = Release|Any CPU
		{926A2270-1683-46B5-9BCF-F9C99C3546F7}.Release|Any CPU.Build.0 = Release|Any CPU
	EndGlobalSection
	GlobalSection(SolutionProperties) = preSolution
		HideSolutionNode = FALSE
	EndGlobalSection
	GlobalSection(NestedProjects) = preSolution
		{010785C7-A42A-479B-B8B5-BE7B2C293C29} = {A3301072-9BBB-46FA-9C0E-FAAA46748F75}
		{7A428F9F-CDAE-475E-83CF-A126A7C2C848} = {A3301072-9BBB-46FA-9C0E-FAAA46748F75}
		{D7192FE7-2546-42EC-AC1F-9C66C6227421} = {A3301072-9BBB-46FA-9C0E-FAAA46748F75}
		{926A2270-1683-46B5-9BCF-F9C99C3546F7} = {A3301072-9BBB-46FA-9C0E-FAAA46748F75}
	EndGlobalSection
	GlobalSection(ExtensibilityGlobals) = postSolution
		SolutionGuid = {1C9717CA-143A-474C-989D-19E41422720C}
	EndGlobalSection
EndGlobal
